// !$*UTF8*$!
{
	archiveVersion = 1;
	classes = {
	};
	objectVersion = 55;
	objects = {

/* Begin PBXBuildFile section */
		925D945828CC8CF9009F6BCD /* SNMapServicesApp.swift in Sources */ = {isa = PBXBuildFile; fileRef = 925D945728CC8CF9009F6BCD /* SNMapServicesApp.swift */; };
		925D945A28CC8CF9009F6BCD /* ContentView.swift in Sources */ = {isa = PBXBuildFile; fileRef = 925D945928CC8CF9009F6BCD /* ContentView.swift */; };
		925D945C28CC8CFD009F6BCD /* Assets.xcassets in Resources */ = {isa = PBXBuildFile; fileRef = 925D945B28CC8CFD009F6BCD /* Assets.xcassets */; };
		925D945F28CC8CFD009F6BCD /* Preview Assets.xcassets in Resources */ = {isa = PBXBuildFile; fileRef = 925D945E28CC8CFD009F6BCD /* Preview Assets.xcassets */; };
		925D946828CC8D9C009F6BCD /* SNAppleMapView.swift in Sources */ = {isa = PBXBuildFile; fileRef = 925D946728CC8D9C009F6BCD /* SNAppleMapView.swift */; };
		925D946C28CC976C009F6BCD /* AppDelegate.swift in Sources */ = {isa = PBXBuildFile; fileRef = 925D946B28CC976C009F6BCD /* AppDelegate.swift */; };
		925D946F28CC98B4009F6BCD /* AppleMapViewModel.swift in Sources */ = {isa = PBXBuildFile; fileRef = 925D946E28CC98B4009F6BCD /* AppleMapViewModel.swift */; };
		925D947128CC98C0009F6BCD /* AppleMapView.swift in Sources */ = {isa = PBXBuildFile; fileRef = 925D947028CC98C0009F6BCD /* AppleMapView.swift */; };
		925D947328CC9E67009F6BCD /* AppleMapAnnotation.swift in Sources */ = {isa = PBXBuildFile; fileRef = 925D947228CC9E67009F6BCD /* AppleMapAnnotation.swift */; };
		925D947628CC9FE6009F6BCD /* AnnotationPin.swift in Sources */ = {isa = PBXBuildFile; fileRef = 925D947528CC9FE6009F6BCD /* AnnotationPin.swift */; };
		926A57F628CF034E000000A8 /* GoogleMapViewModel.swift in Sources */ = {isa = PBXBuildFile; fileRef = 926A57F528CF034E000000A8 /* GoogleMapViewModel.swift */; };
		926A57F828CF035D000000A8 /* GoogleMapView.swift in Sources */ = {isa = PBXBuildFile; fileRef = 926A57F728CF035D000000A8 /* GoogleMapView.swift */; };
		926A57FB28CF0377000000A8 /* MapboxView.swift in Sources */ = {isa = PBXBuildFile; fileRef = 926A57FA28CF0377000000A8 /* MapboxView.swift */; };
		926A57FD28CF038D000000A8 /* MapboxViewModel.swift in Sources */ = {isa = PBXBuildFile; fileRef = 926A57FC28CF038D000000A8 /* MapboxViewModel.swift */; };
		926A580028CF06CE000000A8 /* UserLocationServices.swift in Sources */ = {isa = PBXBuildFile; fileRef = 926A57FF28CF06CE000000A8 /* UserLocationServices.swift */; };
		926A580428CF0BBB000000A8 /* Location.gpx in Resources */ = {isa = PBXBuildFile; fileRef = 926A580328CF0BBB000000A8 /* Location.gpx */; };
		926A580728CF3E93000000A8 /* SNMapBoxView.swift in Sources */ = {isa = PBXBuildFile; fileRef = 926A580628CF3E93000000A8 /* SNMapBoxView.swift */; };
		926A580A28CF491A000000A8 /* SNMapboxAnnotation.swift in Sources */ = {isa = PBXBuildFile; fileRef = 926A580928CF491A000000A8 /* SNMapboxAnnotation.swift */; };
		926A580F28CF51F6000000A8 /* SNGoogleMapView.swift in Sources */ = {isa = PBXBuildFile; fileRef = 926A580E28CF51F6000000A8 /* SNGoogleMapView.swift */; };
		DB062D0F49B84D38E0D3C9F3 /* Pods_SNMapServices.framework in Frameworks */ = {isa = PBXBuildFile; fileRef = C4C39CD5D5974EE986C76D8D /* Pods_SNMapServices.framework */; };
/* End PBXBuildFile section */

/* Begin PBXFileReference section */
		925D945428CC8CF9009F6BCD /* SNMapServices.app */ = {isa = PBXFileReference; explicitFileType = wrapper.application; includeInIndex = 0; path = SNMapServices.app; sourceTree = BUILT_PRODUCTS_DIR; };
		925D945728CC8CF9009F6BCD /* SNMapServicesApp.swift */ = {isa = PBXFileReference; lastKnownFileType = sourcecode.swift; path = SNMapServicesApp.swift; sourceTree = "<group>"; };
		925D945928CC8CF9009F6BCD /* ContentView.swift */ = {isa = PBXFileReference; lastKnownFileType = sourcecode.swift; path = ContentView.swift; sourceTree = "<group>"; };
		925D945B28CC8CFD009F6BCD /* Assets.xcassets */ = {isa = PBXFileReference; lastKnownFileType = folder.assetcatalog; path = Assets.xcassets; sourceTree = "<group>"; };
		925D945E28CC8CFD009F6BCD /* Preview Assets.xcassets */ = {isa = PBXFileReference; lastKnownFileType = folder.assetcatalog; path = "Preview Assets.xcassets"; sourceTree = "<group>"; };
		925D946728CC8D9C009F6BCD /* SNAppleMapView.swift */ = {isa = PBXFileReference; lastKnownFileType = sourcecode.swift; path = SNAppleMapView.swift; sourceTree = "<group>"; };
		925D946B28CC976C009F6BCD /* AppDelegate.swift */ = {isa = PBXFileReference; lastKnownFileType = sourcecode.swift; path = AppDelegate.swift; sourceTree = "<group>"; };
		925D946E28CC98B4009F6BCD /* AppleMapViewModel.swift */ = {isa = PBXFileReference; lastKnownFileType = sourcecode.swift; path = AppleMapViewModel.swift; sourceTree = "<group>"; };
		925D947028CC98C0009F6BCD /* AppleMapView.swift */ = {isa = PBXFileReference; lastKnownFileType = sourcecode.swift; path = AppleMapView.swift; sourceTree = "<group>"; };
		925D947228CC9E67009F6BCD /* AppleMapAnnotation.swift */ = {isa = PBXFileReference; lastKnownFileType = sourcecode.swift; path = AppleMapAnnotation.swift; sourceTree = "<group>"; };
		925D947528CC9FE6009F6BCD /* AnnotationPin.swift */ = {isa = PBXFileReference; lastKnownFileType = sourcecode.swift; path = AnnotationPin.swift; sourceTree = "<group>"; };
		926A57F528CF034E000000A8 /* GoogleMapViewModel.swift */ = {isa = PBXFileReference; lastKnownFileType = sourcecode.swift; path = GoogleMapViewModel.swift; sourceTree = "<group>"; };
		926A57F728CF035D000000A8 /* GoogleMapView.swift */ = {isa = PBXFileReference; lastKnownFileType = sourcecode.swift; path = GoogleMapView.swift; sourceTree = "<group>"; };
		926A57FA28CF0377000000A8 /* MapboxView.swift */ = {isa = PBXFileReference; lastKnownFileType = sourcecode.swift; path = MapboxView.swift; sourceTree = "<group>"; };
		926A57FC28CF038D000000A8 /* MapboxViewModel.swift */ = {isa = PBXFileReference; lastKnownFileType = sourcecode.swift; path = MapboxViewModel.swift; sourceTree = "<group>"; };
		926A57FF28CF06CE000000A8 /* UserLocationServices.swift */ = {isa = PBXFileReference; lastKnownFileType = sourcecode.swift; path = UserLocationServices.swift; sourceTree = "<group>"; };
		926A580328CF0BBB000000A8 /* Location.gpx */ = {isa = PBXFileReference; lastKnownFileType = text.xml; path = Location.gpx; sourceTree = "<group>"; };
		926A580628CF3E93000000A8 /* SNMapBoxView.swift */ = {isa = PBXFileReference; lastKnownFileType = sourcecode.swift; path = SNMapBoxView.swift; sourceTree = "<group>"; };
		926A580828CF409F000000A8 /* Info.plist */ = {isa = PBXFileReference; lastKnownFileType = text.plist; path = Info.plist; sourceTree = "<group>"; };
		926A580928CF491A000000A8 /* SNMapboxAnnotation.swift */ = {isa = PBXFileReference; lastKnownFileType = sourcecode.swift; path = SNMapboxAnnotation.swift; sourceTree = "<group>"; };
		926A580E28CF51F6000000A8 /* SNGoogleMapView.swift */ = {isa = PBXFileReference; lastKnownFileType = sourcecode.swift; path = SNGoogleMapView.swift; sourceTree = "<group>"; };
		9BA16CE34DC94769A79D96F4 /* Pods-SNMapServices.release.xcconfig */ = {isa = PBXFileReference; includeInIndex = 1; lastKnownFileType = text.xcconfig; name = "Pods-SNMapServices.release.xcconfig"; path = "Target Support Files/Pods-SNMapServices/Pods-SNMapServices.release.xcconfig"; sourceTree = "<group>"; };
		C4C39CD5D5974EE986C76D8D /* Pods_SNMapServices.framework */ = {isa = PBXFileReference; explicitFileType = wrapper.framework; includeInIndex = 0; path = Pods_SNMapServices.framework; sourceTree = BUILT_PRODUCTS_DIR; };
		E83054AAFA4A0B7E1225167A /* Pods-SNMapServices.debug.xcconfig */ = {isa = PBXFileReference; includeInIndex = 1; lastKnownFileType = text.xcconfig; name = "Pods-SNMapServices.debug.xcconfig"; path = "Target Support Files/Pods-SNMapServices/Pods-SNMapServices.debug.xcconfig"; sourceTree = "<group>"; };
/* End PBXFileReference section */

/* Begin PBXFrameworksBuildPhase section */
		925D945128CC8CF9009F6BCD /* Frameworks */ = {
			isa = PBXFrameworksBuildPhase;
			buildActionMask = 2147483647;
			files = (
				DB062D0F49B84D38E0D3C9F3 /* Pods_SNMapServices.framework in Frameworks */,
			);
			runOnlyForDeploymentPostprocessing = 0;
		};
/* End PBXFrameworksBuildPhase section */

/* Begin PBXGroup section */
		2581FC906610FD8E2FF2255F /* Frameworks */ = {
			isa = PBXGroup;
			children = (
				C4C39CD5D5974EE986C76D8D /* Pods_SNMapServices.framework */,
			);
			name = Frameworks;
			sourceTree = "<group>";
		};
		925D944B28CC8CF9009F6BCD = {
			isa = PBXGroup;
			children = (
				925D946528CC8D5A009F6BCD /* Sources */,
				925D945628CC8CF9009F6BCD /* SNMapServices */,
				925D945528CC8CF9009F6BCD /* Products */,
				972E2CCFB1BF6166FD14D427 /* Pods */,
				2581FC906610FD8E2FF2255F /* Frameworks */,
			);
			sourceTree = "<group>";
		};
		925D945528CC8CF9009F6BCD /* Products */ = {
			isa = PBXGroup;
			children = (
				925D945428CC8CF9009F6BCD /* SNMapServices.app */,
			);
			name = Products;
			sourceTree = "<group>";
		};
		925D945628CC8CF9009F6BCD /* SNMapServices */ = {
			isa = PBXGroup;
			children = (
				926A580828CF409F000000A8 /* Info.plist */,
				925D945728CC8CF9009F6BCD /* SNMapServicesApp.swift */,
				925D946B28CC976C009F6BCD /* AppDelegate.swift */,
				925D946A28CC8E01009F6BCD /* Modules */,
				925D946928CC8DE9009F6BCD /* Resouces */,
				925D945D28CC8CFD009F6BCD /* Preview Content */,
			);
			path = SNMapServices;
			sourceTree = "<group>";
		};
		925D945D28CC8CFD009F6BCD /* Preview Content */ = {
			isa = PBXGroup;
			children = (
				925D945E28CC8CFD009F6BCD /* Preview Assets.xcassets */,
			);
			path = "Preview Content";
			sourceTree = "<group>";
		};
		925D946528CC8D5A009F6BCD /* Sources */ = {
			isa = PBXGroup;
			children = (
				925D947428CC9FD3009F6BCD /* Model */,
				926A57FE28CF06BB000000A8 /* LocationServices */,
				926A580B28CF5128000000A8 /* GoogleMap */,
				926A580528CF3E6E000000A8 /* MapBox */,
				925D946628CC8D66009F6BCD /* AppleMap */,
			);
			path = Sources;
			sourceTree = "<group>";
		};
		925D946628CC8D66009F6BCD /* AppleMap */ = {
			isa = PBXGroup;
			children = (
				925D946728CC8D9C009F6BCD /* SNAppleMapView.swift */,
				925D947228CC9E67009F6BCD /* AppleMapAnnotation.swift */,
			);
			path = AppleMap;
			sourceTree = "<group>";
		};
		925D946928CC8DE9009F6BCD /* Resouces */ = {
			isa = PBXGroup;
			children = (
				925D945B28CC8CFD009F6BCD /* Assets.xcassets */,
				926A580328CF0BBB000000A8 /* Location.gpx */,
			);
			path = Resouces;
			sourceTree = "<group>";
		};
		925D946A28CC8E01009F6BCD /* Modules */ = {
			isa = PBXGroup;
			children = (
				926A57F928CF0367000000A8 /* MapboxView */,
				926A57F428CF033B000000A8 /* GoogleMapView */,
				925D946D28CC989D009F6BCD /* AppleMapView */,
				925D945928CC8CF9009F6BCD /* ContentView.swift */,
			);
			path = Modules;
			sourceTree = "<group>";
		};
		925D946D28CC989D009F6BCD /* AppleMapView */ = {
			isa = PBXGroup;
			children = (
				925D946E28CC98B4009F6BCD /* AppleMapViewModel.swift */,
				925D947028CC98C0009F6BCD /* AppleMapView.swift */,
			);
			path = AppleMapView;
			sourceTree = "<group>";
		};
		925D947428CC9FD3009F6BCD /* Model */ = {
			isa = PBXGroup;
			children = (
				925D947528CC9FE6009F6BCD /* AnnotationPin.swift */,
			);
			path = Model;
			sourceTree = "<group>";
		};
		926A57F428CF033B000000A8 /* GoogleMapView */ = {
			isa = PBXGroup;
			children = (
				926A57F528CF034E000000A8 /* GoogleMapViewModel.swift */,
				926A57F728CF035D000000A8 /* GoogleMapView.swift */,
			);
			path = GoogleMapView;
			sourceTree = "<group>";
		};
		926A57F928CF0367000000A8 /* MapboxView */ = {
			isa = PBXGroup;
			children = (
				926A57FA28CF0377000000A8 /* MapboxView.swift */,
				926A57FC28CF038D000000A8 /* MapboxViewModel.swift */,
			);
			path = MapboxView;
			sourceTree = "<group>";
		};
		926A57FE28CF06BB000000A8 /* LocationServices */ = {
			isa = PBXGroup;
			children = (
				926A57FF28CF06CE000000A8 /* UserLocationServices.swift */,
			);
			path = LocationServices;
			sourceTree = "<group>";
		};
		926A580528CF3E6E000000A8 /* MapBox */ = {
			isa = PBXGroup;
			children = (
				926A580628CF3E93000000A8 /* SNMapBoxView.swift */,
				926A580928CF491A000000A8 /* SNMapboxAnnotation.swift */,
			);
			path = MapBox;
			sourceTree = "<group>";
		};
		926A580B28CF5128000000A8 /* GoogleMap */ = {
			isa = PBXGroup;
			children = (
				926A580E28CF51F6000000A8 /* SNGoogleMapView.swift */,
			);
			path = GoogleMap;
			sourceTree = "<group>";
		};
		972E2CCFB1BF6166FD14D427 /* Pods */ = {
			isa = PBXGroup;
			children = (
				E83054AAFA4A0B7E1225167A /* Pods-SNMapServices.debug.xcconfig */,
				9BA16CE34DC94769A79D96F4 /* Pods-SNMapServices.release.xcconfig */,
			);
			path = Pods;
			sourceTree = "<group>";
		};
/* End PBXGroup section */

/* Begin PBXNativeTarget section */
		925D945328CC8CF9009F6BCD /* SNMapServices */ = {
			isa = PBXNativeTarget;
			buildConfigurationList = 925D946228CC8CFD009F6BCD /* Build configuration list for PBXNativeTarget "SNMapServices" */;
			buildPhases = (
				5C8660FA265740D676F95A87 /* [CP] Check Pods Manifest.lock */,
				925D945028CC8CF9009F6BCD /* Sources */,
				925D945128CC8CF9009F6BCD /* Frameworks */,
				925D945228CC8CF9009F6BCD /* Resources */,
				C2160CA0F9C00BE91296CB1C /* [CP] Embed Pods Frameworks */,
				6E6F0E74C9D76FA0F3E1B1CA /* [CP] Copy Pods Resources */,
			);
			buildRules = (
			);
			dependencies = (
			);
			name = SNMapServices;
			productName = SNMapServices;
			productReference = 925D945428CC8CF9009F6BCD /* SNMapServices.app */;
			productType = "com.apple.product-type.application";
		};
/* End PBXNativeTarget section */

/* Begin PBXProject section */
		925D944C28CC8CF9009F6BCD /* Project object */ = {
			isa = PBXProject;
			attributes = {
				BuildIndependentTargetsInParallel = 1;
				LastSwiftUpdateCheck = 1340;
				LastUpgradeCheck = 1340;
				ORGANIZATIONNAME = Softnoesis;
				TargetAttributes = {
					925D945328CC8CF9009F6BCD = {
						CreatedOnToolsVersion = 13.4.1;
					};
				};
			};
			buildConfigurationList = 925D944F28CC8CF9009F6BCD /* Build configuration list for PBXProject "SNMapServices" */;
			compatibilityVersion = "Xcode 13.0";
			developmentRegion = en;
			hasScannedForEncodings = 0;
			knownRegions = (
				en,
				Base,
			);
			mainGroup = 925D944B28CC8CF9009F6BCD;
			productRefGroup = 925D945528CC8CF9009F6BCD /* Products */;
			projectDirPath = "";
			projectRoot = "";
			targets = (
				925D945328CC8CF9009F6BCD /* SNMapServices */,
			);
		};
/* End PBXProject section */

/* Begin PBXResourcesBuildPhase section */
		925D945228CC8CF9009F6BCD /* Resources */ = {
			isa = PBXResourcesBuildPhase;
			buildActionMask = 2147483647;
			files = (
				925D945F28CC8CFD009F6BCD /* Preview Assets.xcassets in Resources */,
				926A580428CF0BBB000000A8 /* Location.gpx in Resources */,
				925D945C28CC8CFD009F6BCD /* Assets.xcassets in Resources */,
			);
			runOnlyForDeploymentPostprocessing = 0;
		};
/* End PBXResourcesBuildPhase section */

/* Begin PBXShellScriptBuildPhase section */
		5C8660FA265740D676F95A87 /* [CP] Check Pods Manifest.lock */ = {
			isa = PBXShellScriptBuildPhase;
			buildActionMask = 2147483647;
			files = (
			);
			inputFileListPaths = (
			);
			inputPaths = (
				"${PODS_PODFILE_DIR_PATH}/Podfile.lock",
				"${PODS_ROOT}/Manifest.lock",
			);
			name = "[CP] Check Pods Manifest.lock";
			outputFileListPaths = (
			);
			outputPaths = (
				"$(DERIVED_FILE_DIR)/Pods-SNMapServices-checkManifestLockResult.txt",
			);
			runOnlyForDeploymentPostprocessing = 0;
			shellPath = /bin/sh;
			shellScript = "diff \"${PODS_PODFILE_DIR_PATH}/Podfile.lock\" \"${PODS_ROOT}/Manifest.lock\" > /dev/null\nif [ $? != 0 ] ; then\n    # print error to STDERR\n    echo \"error: The sandbox is not in sync with the Podfile.lock. Run 'pod install' or update your CocoaPods installation.\" >&2\n    exit 1\nfi\n# This output is used by Xcode 'outputs' to avoid re-running this script phase.\necho \"SUCCESS\" > \"${SCRIPT_OUTPUT_FILE_0}\"\n";
			showEnvVarsInLog = 0;
		};
		6E6F0E74C9D76FA0F3E1B1CA /* [CP] Copy Pods Resources */ = {
			isa = PBXShellScriptBuildPhase;
			buildActionMask = 2147483647;
			files = (
			);
			inputFileListPaths = (
				"${PODS_ROOT}/Target Support Files/Pods-SNMapServices/Pods-SNMapServices-resources-${CONFIGURATION}-input-files.xcfilelist",
			);
			name = "[CP] Copy Pods Resources";
			outputFileListPaths = (
				"${PODS_ROOT}/Target Support Files/Pods-SNMapServices/Pods-SNMapServices-resources-${CONFIGURATION}-output-files.xcfilelist",
			);
			runOnlyForDeploymentPostprocessing = 0;
			shellPath = /bin/sh;
			shellScript = "\"${PODS_ROOT}/Target Support Files/Pods-SNMapServices/Pods-SNMapServices-resources.sh\"\n";
			showEnvVarsInLog = 0;
		};
		C2160CA0F9C00BE91296CB1C /* [CP] Embed Pods Frameworks */ = {
			isa = PBXShellScriptBuildPhase;
			buildActionMask = 2147483647;
			files = (
			);
			inputFileListPaths = (
				"${PODS_ROOT}/Target Support Files/Pods-SNMapServices/Pods-SNMapServices-frameworks-${CONFIGURATION}-input-files.xcfilelist",
			);
			name = "[CP] Embed Pods Frameworks";
			outputFileListPaths = (
				"${PODS_ROOT}/Target Support Files/Pods-SNMapServices/Pods-SNMapServices-frameworks-${CONFIGURATION}-output-files.xcfilelist",
			);
			runOnlyForDeploymentPostprocessing = 0;
			shellPath = /bin/sh;
			shellScript = "\"${PODS_ROOT}/Target Support Files/Pods-SNMapServices/Pods-SNMapServices-frameworks.sh\"\n";
			showEnvVarsInLog = 0;
		};
/* End PBXShellScriptBuildPhase section */

/* Begin PBXSourcesBuildPhase section */
		925D945028CC8CF9009F6BCD /* Sources */ = {
			isa = PBXSourcesBuildPhase;
			buildActionMask = 2147483647;
			files = (
				925D947628CC9FE6009F6BCD /* AnnotationPin.swift in Sources */,
				925D947328CC9E67009F6BCD /* AppleMapAnnotation.swift in Sources */,
				926A57F628CF034E000000A8 /* GoogleMapViewModel.swift in Sources */,
				925D947128CC98C0009F6BCD /* AppleMapView.swift in Sources */,
				925D946C28CC976C009F6BCD /* AppDelegate.swift in Sources */,
				925D946828CC8D9C009F6BCD /* SNAppleMapView.swift in Sources */,
				926A57F828CF035D000000A8 /* GoogleMapView.swift in Sources */,
				926A580F28CF51F6000000A8 /* SNGoogleMapView.swift in Sources */,
				926A580A28CF491A000000A8 /* SNMapboxAnnotation.swift in Sources */,
				925D945A28CC8CF9009F6BCD /* ContentView.swift in Sources */,
				926A580728CF3E93000000A8 /* SNMapBoxView.swift in Sources */,
				925D946F28CC98B4009F6BCD /* AppleMapViewModel.swift in Sources */,
				925D945828CC8CF9009F6BCD /* SNMapServicesApp.swift in Sources */,
				926A580028CF06CE000000A8 /* UserLocationServices.swift in Sources */,
				926A57FB28CF0377000000A8 /* MapboxView.swift in Sources */,
				926A57FD28CF038D000000A8 /* MapboxViewModel.swift in Sources */,
			);
			runOnlyForDeploymentPostprocessing = 0;
		};
/* End PBXSourcesBuildPhase section */

/* Begin XCBuildConfiguration section */
		925D946028CC8CFD009F6BCD /* Debug */ = {
			isa = XCBuildConfiguration;
			buildSettings = {
				ALWAYS_SEARCH_USER_PATHS = NO;
				CLANG_ANALYZER_NONNULL = YES;
				CLANG_ANALYZER_NUMBER_OBJECT_CONVERSION = YES_AGGRESSIVE;
				CLANG_CXX_LANGUAGE_STANDARD = "gnu++17";
				CLANG_ENABLE_MODULES = YES;
				CLANG_ENABLE_OBJC_ARC = YES;
				CLANG_ENABLE_OBJC_WEAK = YES;
				CLANG_WARN_BLOCK_CAPTURE_AUTORELEASING = YES;
				CLANG_WARN_BOOL_CONVERSION = YES;
				CLANG_WARN_COMMA = YES;
				CLANG_WARN_CONSTANT_CONVERSION = YES;
				CLANG_WARN_DEPRECATED_OBJC_IMPLEMENTATIONS = YES;
				CLANG_WARN_DIRECT_OBJC_ISA_USAGE = YES_ERROR;
				CLANG_WARN_DOCUMENTATION_COMMENTS = YES;
				CLANG_WARN_EMPTY_BODY = YES;
				CLANG_WARN_ENUM_CONVERSION = YES;
				CLANG_WARN_INFINITE_RECURSION = YES;
				CLANG_WARN_INT_CONVERSION = YES;
				CLANG_WARN_NON_LITERAL_NULL_CONVERSION = YES;
				CLANG_WARN_OBJC_IMPLICIT_RETAIN_SELF = YES;
				CLANG_WARN_OBJC_LITERAL_CONVERSION = YES;
				CLANG_WARN_OBJC_ROOT_CLASS = YES_ERROR;
				CLANG_WARN_QUOTED_INCLUDE_IN_FRAMEWORK_HEADER = YES;
				CLANG_WARN_RANGE_LOOP_ANALYSIS = YES;
				CLANG_WARN_STRICT_PROTOTYPES = YES;
				CLANG_WARN_SUSPICIOUS_MOVE = YES;
				CLANG_WARN_UNGUARDED_AVAILABILITY = YES_AGGRESSIVE;
				CLANG_WARN_UNREACHABLE_CODE = YES;
				CLANG_WARN__DUPLICATE_METHOD_MATCH = YES;
				COPY_PHASE_STRIP = NO;
				DEBUG_INFORMATION_FORMAT = dwarf;
				ENABLE_STRICT_OBJC_MSGSEND = YES;
				ENABLE_TESTABILITY = YES;
				GCC_C_LANGUAGE_STANDARD = gnu11;
				GCC_DYNAMIC_NO_PIC = NO;
				GCC_NO_COMMON_BLOCKS = YES;
				GCC_OPTIMIZATION_LEVEL = 0;
				GCC_PREPROCESSOR_DEFINITIONS = (
					"DEBUG=1",
					"$(inherited)",
				);
				GCC_WARN_64_TO_32_BIT_CONVERSION = YES;
				GCC_WARN_ABOUT_RETURN_TYPE = YES_ERROR;
				GCC_WARN_UNDECLARED_SELECTOR = YES;
				GCC_WARN_UNINITIALIZED_AUTOS = YES_AGGRESSIVE;
				GCC_WARN_UNUSED_FUNCTION = YES;
				GCC_WARN_UNUSED_VARIABLE = YES;
				IPHONEOS_DEPLOYMENT_TARGET = 15.5;
				MTL_ENABLE_DEBUG_INFO = INCLUDE_SOURCE;
				MTL_FAST_MATH = YES;
				ONLY_ACTIVE_ARCH = YES;
				SDKROOT = iphoneos;
				SWIFT_ACTIVE_COMPILATION_CONDITIONS = DEBUG;
				SWIFT_OPTIMIZATION_LEVEL = "-Onone";
			};
			name = Debug;
		};
		925D946128CC8CFD009F6BCD /* Release */ = {
			isa = XCBuildConfiguration;
			buildSettings = {
				ALWAYS_SEARCH_USER_PATHS = NO;
				CLANG_ANALYZER_NONNULL = YES;
				CLANG_ANALYZER_NUMBER_OBJECT_CONVERSION = YES_AGGRESSIVE;
				CLANG_CXX_LANGUAGE_STANDARD = "gnu++17";
				CLANG_ENABLE_MODULES = YES;
				CLANG_ENABLE_OBJC_ARC = YES;
				CLANG_ENABLE_OBJC_WEAK = YES;
				CLANG_WARN_BLOCK_CAPTURE_AUTORELEASING = YES;
				CLANG_WARN_BOOL_CONVERSION = YES;
				CLANG_WARN_COMMA = YES;
				CLANG_WARN_CONSTANT_CONVERSION = YES;
				CLANG_WARN_DEPRECATED_OBJC_IMPLEMENTATIONS = YES;
				CLANG_WARN_DIRECT_OBJC_ISA_USAGE = YES_ERROR;
				CLANG_WARN_DOCUMENTATION_COMMENTS = YES;
				CLANG_WARN_EMPTY_BODY = YES;
				CLANG_WARN_ENUM_CONVERSION = YES;
				CLANG_WARN_INFINITE_RECURSION = YES;
				CLANG_WARN_INT_CONVERSION = YES;
				CLANG_WARN_NON_LITERAL_NULL_CONVERSION = YES;
				CLANG_WARN_OBJC_IMPLICIT_RETAIN_SELF = YES;
				CLANG_WARN_OBJC_LITERAL_CONVERSION = YES;
				CLANG_WARN_OBJC_ROOT_CLASS = YES_ERROR;
				CLANG_WARN_QUOTED_INCLUDE_IN_FRAMEWORK_HEADER = YES;
				CLANG_WARN_RANGE_LOOP_ANALYSIS = YES;
				CLANG_WARN_STRICT_PROTOTYPES = YES;
				CLANG_WARN_SUSPICIOUS_MOVE = YES;
				CLANG_WARN_UNGUARDED_AVAILABILITY = YES_AGGRESSIVE;
				CLANG_WARN_UNREACHABLE_CODE = YES;
				CLANG_WARN__DUPLICATE_METHOD_MATCH = YES;
				COPY_PHASE_STRIP = NO;
				DEBUG_INFORMATION_FORMAT = "dwarf-with-dsym";
				ENABLE_NS_ASSERTIONS = NO;
				ENABLE_STRICT_OBJC_MSGSEND = YES;
				GCC_C_LANGUAGE_STANDARD = gnu11;
				GCC_NO_COMMON_BLOCKS = YES;
				GCC_WARN_64_TO_32_BIT_CONVERSION = YES;
				GCC_WARN_ABOUT_RETURN_TYPE = YES_ERROR;
				GCC_WARN_UNDECLARED_SELECTOR = YES;
				GCC_WARN_UNINITIALIZED_AUTOS = YES_AGGRESSIVE;
				GCC_WARN_UNUSED_FUNCTION = YES;
				GCC_WARN_UNUSED_VARIABLE = YES;
				IPHONEOS_DEPLOYMENT_TARGET = 15.5;
				MTL_ENABLE_DEBUG_INFO = NO;
				MTL_FAST_MATH = YES;
				SDKROOT = iphoneos;
				SWIFT_COMPILATION_MODE = wholemodule;
				SWIFT_OPTIMIZATION_LEVEL = "-O";
				VALIDATE_PRODUCT = YES;
			};
			name = Release;
		};
		925D946328CC8CFD009F6BCD /* Debug */ = {
			isa = XCBuildConfiguration;
			baseConfigurationReference = E83054AAFA4A0B7E1225167A /* Pods-SNMapServices.debug.xcconfig */;
			buildSettings = {
				ASSETCATALOG_COMPILER_APPICON_NAME = AppIcon;
				ASSETCATALOG_COMPILER_GLOBAL_ACCENT_COLOR_NAME = AccentColor;
				CODE_SIGN_STYLE = Automatic;
				CURRENT_PROJECT_VERSION = 1;
				DEVELOPMENT_ASSET_PATHS = "\"SNMapServices/Preview Content\"";
				DEVELOPMENT_TEAM = 4LWXH6QV7Y;
				ENABLE_PREVIEWS = YES;
				GENERATE_INFOPLIST_FILE = YES;
				INFOPLIST_FILE = SNMapServices/Info.plist;
				INFOPLIST_KEY_NSLocationAlwaysAndWhenInUseUsageDescription = "This app requird your current location permission";
				INFOPLIST_KEY_NSLocationAlwaysUsageDescription = "This app requird your current location permission";
				INFOPLIST_KEY_NSLocationWhenInUseUsageDescription = "This app requird your current location permission";
				INFOPLIST_KEY_UIApplicationSceneManifest_Generation = YES;
				INFOPLIST_KEY_UIApplicationSupportsIndirectInputEvents = YES;
				INFOPLIST_KEY_UILaunchScreen_Generation = YES;
				INFOPLIST_KEY_UISupportedInterfaceOrientations_iPad = "UIInterfaceOrientationPortrait UIInterfaceOrientationPortraitUpsideDown UIInterfaceOrientationLandscapeLeft UIInterfaceOrientationLandscapeRight";
				INFOPLIST_KEY_UISupportedInterfaceOrientations_iPhone = "UIInterfaceOrientationPortrait UIInterfaceOrientationLandscapeLeft UIInterfaceOrientationLandscapeRight";
				INFOPLIST_KEY_UIUserInterfaceStyle = Light;
				LD_RUNPATH_SEARCH_PATHS = (
					"$(inherited)",
					"@executable_path/Frameworks",
				);
				MARKETING_VERSION = 1.0;
				PRODUCT_BUNDLE_IDENTIFIER = com.softnoesis.SNMapServices;
				PRODUCT_NAME = "$(TARGET_NAME)";
				SWIFT_EMIT_LOC_STRINGS = YES;
				SWIFT_VERSION = 5.0;
				TARGETED_DEVICE_FAMILY = "1,2";
			};
			name = Debug;
		};
		925D946428CC8CFD009F6BCD /* Release */ = {
			isa = XCBuildConfiguration;
			baseConfigurationReference = 9BA16CE34DC94769A79D96F4 /* Pods-SNMapServices.release.xcconfig */;
			buildSettings = {
				ASSETCATALOG_COMPILER_APPICON_NAME = AppIcon;
				ASSETCATALOG_COMPILER_GLOBAL_ACCENT_COLOR_NAME = AccentColor;
				CODE_SIGN_STYLE = Automatic;
				CURRENT_PROJECT_VERSION = 1;
				DEVELOPMENT_ASSET_PATHS = "\"SNMapServices/Preview Content\"";
				DEVELOPMENT_TEAM = 4LWXH6QV7Y;
				ENABLE_PREVIEWS = YES;
				GENERATE_INFOPLIST_FILE = YES;
				INFOPLIST_FILE = SNMapServices/Info.plist;
				INFOPLIST_KEY_NSLocationAlwaysAndWhenInUseUsageDescription = "This app requird your current location permission";
				INFOPLIST_KEY_NSLocationAlwaysUsageDescription = "This app requird your current location permission";
				INFOPLIST_KEY_NSLocationWhenInUseUsageDescription = "This app requird your current location permission";
				INFOPLIST_KEY_UIApplicationSceneManifest_Generation = YES;
				INFOPLIST_KEY_UIApplicationSupportsIndirectInputEvents = YES;
				INFOPLIST_KEY_UILaunchScreen_Generation = YES;
				INFOPLIST_KEY_UISupportedInterfaceOrientations_iPad = "UIInterfaceOrientationPortrait UIInterfaceOrientationPortraitUpsideDown UIInterfaceOrientationLandscapeLeft UIInterfaceOrientationLandscapeRight";
				INFOPLIST_KEY_UISupportedInterfaceOrientations_iPhone = "UIInterfaceOrientationPortrait UIInterfaceOrientationLandscapeLeft UIInterfaceOrientationLandscapeRight";
				INFOPLIST_KEY_UIUserInterfaceStyle = Light;
				LD_RUNPATH_SEARCH_PATHS = (
					"$(inherited)",
					"@executable_path/Frameworks",
				);
				MARKETING_VERSION = 1.0;
				PRODUCT_BUNDLE_IDENTIFIER = com.softnoesis.SNMapServices;
				PRODUCT_NAME = "$(TARGET_NAME)";
				SWIFT_EMIT_LOC_STRINGS = YES;
				SWIFT_VERSION = 5.0;
				TARGETED_DEVICE_FAMILY = "1,2";
			};
			name = Release;
		};
/* End XCBuildConfiguration section */

/* Begin XCConfigurationList section */
		925D944F28CC8CF9009F6BCD /* Build configuration list for PBXProject "SNMapServices" */ = {
			isa = XCConfigurationList;
			buildConfigurations = (
				925D946028CC8CFD009F6BCD /* Debug */,
				925D946128CC8CFD009F6BCD /* Release */,
			);
			defaultConfigurationIsVisible = 0;
			defaultConfigurationName = Release;
		};
		925D946228CC8CFD009F6BCD /* Build configuration list for PBXNativeTarget "SNMapServices" */ = {
			isa = XCConfigurationList;
			buildConfigurations = (
				925D946328CC8CFD009F6BCD /* Debug */,
				925D946428CC8CFD009F6BCD /* Release */,
			);
			defaultConfigurationIsVisible = 0;
			defaultConfigurationName = Release;
		};
/* End XCConfigurationList section */
	};
	rootObject = 925D944C28CC8CF9009F6BCD /* Project object */;
}
